
Microsoft Visual Studio Solution File, Format Version 12.00
# Visual Studio Version 17
VisualStudioVersion = 17.0.32002.185
MinimumVisualStudioVersion = 10.0.40219.1
Project("{FAE04EC0-301F-11D3-BF4B-00C04F79EFBC}") = "Business", "Business\Business.csproj", "{2DA41578-32D5-4828-9E1C-5176EACD909C}"
EndProject
Global
	GlobalSection(SolutionConfigurationPlatforms) = preSolution
		Debug|Any CPU = Debug|Any CPU
		Release|Any CPU = Release|Any CPU
	EndGlobalSection
	GlobalSection(ProjectConfigurationPlatforms) = postSolution
		{2DA41578-32D5-4828-9E1C-5176EACD909C}.Debug|Any CPU.ActiveCfg = Debug|Any CPU
		{2DA41578-32D5-4828-9E1C-5176EACD909C}.Debug|Any CPU.Build.0 = Debug|Any CPU
		{2DA41578-32D5-4828-9E1C-5176EACD909C}.Release|Any CPU.ActiveCfg = Release|Any CPU
		{2DA41578-32D5-4828-9E1C-5176EACD909C}.Release|Any CPU.Build.0 = Release|Any CPU
	EndGlobalSection
	GlobalSection(SolutionProperties) = preSolution
		HideSolutionNode = FALSE
	EndGlobalSection
	GlobalSection(ExtensibilityGlobals) = postSolution
		SolutionGuid = {6EF94B3F-BE6A-4F6D-A2A6-547AAB1F2914}
	EndGlobalSection
EndGlobal
